{
  "name": "4h-military-partnership-cms",
  "requires": true,
  "lockfileVersion": 1,
  "dependencies": {
    "date-fns": {
      "version": "2.9.0",
      "resolved": "https://pkgs.dev.azure.com/alexwendte/_packaging/4hmpp/npm/registry/date-fns/-/date-fns-2.9.0.tgz",
      "integrity": "sha1-0LF1pcN+1fF7l+InK7wfpa7Gd9I="
    }
  }
}
